// !$*UTF8*$!
{
	archiveVersion = 1;
	classes = {
	};
	objectVersion = 48;
	objects = {

/* Begin PBXBuildFile section */
		BF26CDE9203FF25C0002EC30 /* TitlePageViewController.swift in Sources */ = {isa = PBXBuildFile; fileRef = BF26CDE7203FF25C0002EC30 /* TitlePageViewController.swift */; };
		BF26CDEE203FFC690002EC30 /* Level.swift in Sources */ = {isa = PBXBuildFile; fileRef = BF26CDED203FFC690002EC30 /* Level.swift */; };
		BF26CDF0204006640002EC30 /* RookJones.swift in Sources */ = {isa = PBXBuildFile; fileRef = BF26CDEF204006630002EC30 /* RookJones.swift */; };
		BF3B3348203FEDB2005CDC5F /* AppIcon.appiconset in Resources */ = {isa = PBXBuildFile; fileRef = BF3B3347203FEDB2005CDC5F /* AppIcon.appiconset */; };
		BF3BB437204D134F004810A9 /* Knight.swift in Sources */ = {isa = PBXBuildFile; fileRef = BF3BB436204D134F004810A9 /* Knight.swift */; };
		BF3F5057204D217900B7C639 /* logic.test in Resources */ = {isa = PBXBuildFile; fileRef = BF3F5054204D1DAB00B7C639 /* logic.test */; };
		BF3F5059204D226D00B7C639 /* PieceTests.swift in Sources */ = {isa = PBXBuildFile; fileRef = BF3F5058204D226D00B7C639 /* PieceTests.swift */; };
		BF3F505B204D22F600B7C639 /* rook.test in Resources */ = {isa = PBXBuildFile; fileRef = BF3F505A204D22F600B7C639 /* rook.test */; };
		BF3F505D204D243C00B7C639 /* Util.swift in Sources */ = {isa = PBXBuildFile; fileRef = BF3F505C204D243C00B7C639 /* Util.swift */; };
		BF3F505E204D276000B7C639 /* Location.swift in Sources */ = {isa = PBXBuildFile; fileRef = BFE04F89203D52CF004B1ECE /* Location.swift */; };
		BF3F505F204D276000B7C639 /* Board.swift in Sources */ = {isa = PBXBuildFile; fileRef = BF97C0FD203A90A500378C7F /* Board.swift */; };
		BF3F5060204D276000B7C639 /* Level.swift in Sources */ = {isa = PBXBuildFile; fileRef = BF26CDED203FFC690002EC30 /* Level.swift */; };
		BF3F5061204D276000B7C639 /* TileType.swift in Sources */ = {isa = PBXBuildFile; fileRef = BF97C0FF203A918E00378C7F /* TileType.swift */; };
		BF3F5062204D276000B7C639 /* BoardLoader.swift in Sources */ = {isa = PBXBuildFile; fileRef = BF97C104203AA03E00378C7F /* BoardLoader.swift */; };
		BF3F5063204D276000B7C639 /* BoardError.swift in Sources */ = {isa = PBXBuildFile; fileRef = BF97C106203AA12100378C7F /* BoardError.swift */; };
		BF3F5064204D276000B7C639 /* BoardLogic.swift in Sources */ = {isa = PBXBuildFile; fileRef = BF4F5347203E4C4C00FBD2DD /* BoardLogic.swift */; };
		BF3F5065204D276F00B7C639 /* Knight.swift in Sources */ = {isa = PBXBuildFile; fileRef = BF3BB436204D134F004810A9 /* Knight.swift */; };
		BF3F5066204D276F00B7C639 /* Piece.swift in Sources */ = {isa = PBXBuildFile; fileRef = BFC6373C203FA46E00E47224 /* Piece.swift */; };
		BF3F5067204D276F00B7C639 /* Rook.swift in Sources */ = {isa = PBXBuildFile; fileRef = BFC63741203FB0F800E47224 /* Rook.swift */; };
		BF3F5068204D276F00B7C639 /* RookJones.swift in Sources */ = {isa = PBXBuildFile; fileRef = BF26CDEF204006630002EC30 /* RookJones.swift */; };
		BF4F5348203E4C4C00FBD2DD /* BoardLogic.swift in Sources */ = {isa = PBXBuildFile; fileRef = BF4F5347203E4C4C00FBD2DD /* BoardLogic.swift */; };
		BF4F534A203E92C300FBD2DD /* Launch Screen.storyboard in Resources */ = {isa = PBXBuildFile; fileRef = BF4F5349203E92C300FBD2DD /* Launch Screen.storyboard */; };
		BF614CDF203FC6750061B5D7 /* Test Level.lvl in Resources */ = {isa = PBXBuildFile; fileRef = BF614CDE203FC6750061B5D7 /* Test Level.lvl */; };
		BF6B81EE203EAF3900F59317 /* .gitignore in Resources */ = {isa = PBXBuildFile; fileRef = BF6B81ED203EAF3900F59317 /* .gitignore */; };
		BF89304F203D238F00D7693B /* PieceTiles.sks in Resources */ = {isa = PBXBuildFile; fileRef = BF89304E203D238F00D7693B /* PieceTiles.sks */; };
		BF903FEF203A49980087F961 /* AppDelegate.swift in Sources */ = {isa = PBXBuildFile; fileRef = BF903FEE203A49980087F961 /* AppDelegate.swift */; };
		BF903FF1203A49980087F961 /* GameScene.sks in Resources */ = {isa = PBXBuildFile; fileRef = BF903FF0203A49980087F961 /* GameScene.sks */; };
		BF903FF3203A49980087F961 /* Actions.sks in Resources */ = {isa = PBXBuildFile; fileRef = BF903FF2203A49980087F961 /* Actions.sks */; };
		BF903FF5203A49980087F961 /* GameScene.swift in Sources */ = {isa = PBXBuildFile; fileRef = BF903FF4203A49980087F961 /* GameScene.swift */; };
		BF903FF7203A49980087F961 /* GameViewController.swift in Sources */ = {isa = PBXBuildFile; fileRef = BF903FF6203A49980087F961 /* GameViewController.swift */; };
		BF903FFA203A49980087F961 /* Main.storyboard in Resources */ = {isa = PBXBuildFile; fileRef = BF903FF8203A49980087F961 /* Main.storyboard */; };
		BF903FFC203A49980087F961 /* Assets.xcassets in Resources */ = {isa = PBXBuildFile; fileRef = BF903FFB203A49980087F961 /* Assets.xcassets */; };
		BF90400A203A49980087F961 /* BaseTests.swift in Sources */ = {isa = PBXBuildFile; fileRef = BF904009203A49980087F961 /* BaseTests.swift */; };
		BF904015203A66020087F961 /* Herculanum.ttf in Resources */ = {isa = PBXBuildFile; fileRef = BF904014203A66020087F961 /* Herculanum.ttf */; };
		BF90401D203A74890087F961 /* BoardTiles.sks in Resources */ = {isa = PBXBuildFile; fileRef = BF90401C203A74890087F961 /* BoardTiles.sks */; };
		BF97C0FE203A90A500378C7F /* Board.swift in Sources */ = {isa = PBXBuildFile; fileRef = BF97C0FD203A90A500378C7F /* Board.swift */; };
		BF97C100203A918E00378C7F /* TileType.swift in Sources */ = {isa = PBXBuildFile; fileRef = BF97C0FF203A918E00378C7F /* TileType.swift */; };
		BF97C103203A9C2300378C7F /* Level 13.lvl in Resources */ = {isa = PBXBuildFile; fileRef = BF97C102203A9C2300378C7F /* Level 13.lvl */; };
		BF97C105203AA03E00378C7F /* BoardLoader.swift in Sources */ = {isa = PBXBuildFile; fileRef = BF97C104203AA03E00378C7F /* BoardLoader.swift */; };
		BF97C107203AA12100378C7F /* BoardError.swift in Sources */ = {isa = PBXBuildFile; fileRef = BF97C106203AA12100378C7F /* BoardError.swift */; };
		BFC6373D203FA46E00E47224 /* Piece.swift in Sources */ = {isa = PBXBuildFile; fileRef = BFC6373C203FA46E00E47224 /* Piece.swift */; };
		BFC63742203FB0F800E47224 /* Rook.swift in Sources */ = {isa = PBXBuildFile; fileRef = BFC63741203FB0F800E47224 /* Rook.swift */; };
		BFC63744203FC2C800E47224 /* Level 3.lvl in Resources */ = {isa = PBXBuildFile; fileRef = BFC63743203FC2C800E47224 /* Level 3.lvl */; };
		BFE04F8A203D52CF004B1ECE /* Location.swift in Sources */ = {isa = PBXBuildFile; fileRef = BFE04F89203D52CF004B1ECE /* Location.swift */; };
		BFE04F8C203D57AC004B1ECE /* MovementTiles.sks in Resources */ = {isa = PBXBuildFile; fileRef = BFE04F8B203D57AC004B1ECE /* MovementTiles.sks */; };
/* End PBXBuildFile section */

/* Begin PBXContainerItemProxy section */
		BF904006203A49980087F961 /* PBXContainerItemProxy */ = {
			isa = PBXContainerItemProxy;
			containerPortal = BF903FE3203A49980087F961 /* Project object */;
			proxyType = 1;
			remoteGlobalIDString = BF903FEA203A49980087F961;
			remoteInfo = RookJones;
		};
/* End PBXContainerItemProxy section */

/* Begin PBXFileReference section */
		BF26CDE7203FF25C0002EC30 /* TitlePageViewController.swift */ = {isa = PBXFileReference; lastKnownFileType = sourcecode.swift; path = TitlePageViewController.swift; sourceTree = "<group>"; };
		BF26CDED203FFC690002EC30 /* Level.swift */ = {isa = PBXFileReference; lastKnownFileType = sourcecode.swift; name = Level.swift; path = Model/Level.swift; sourceTree = SOURCE_ROOT; };
		BF26CDEF204006630002EC30 /* RookJones.swift */ = {isa = PBXFileReference; fileEncoding = 4; lastKnownFileType = sourcecode.swift; path = RookJones.swift; sourceTree = "<group>"; };
		BF3B3347203FEDB2005CDC5F /* AppIcon.appiconset */ = {isa = PBXFileReference; lastKnownFileType = folder; name = AppIcon.appiconset; path = "../../temp/Rook Jones App Icon/ios/AppIcon.appiconset"; sourceTree = "<group>"; };
		BF3BB436204D134F004810A9 /* Knight.swift */ = {isa = PBXFileReference; fileEncoding = 4; lastKnownFileType = sourcecode.swift; path = Knight.swift; sourceTree = "<group>"; };
		BF3F5054204D1DAB00B7C639 /* logic.test */ = {isa = PBXFileReference; fileEncoding = 4; lastKnownFileType = text; path = logic.test; sourceTree = "<group>"; };
		BF3F5058204D226D00B7C639 /* PieceTests.swift */ = {isa = PBXFileReference; lastKnownFileType = sourcecode.swift; path = PieceTests.swift; sourceTree = "<group>"; };
		BF3F505A204D22F600B7C639 /* rook.test */ = {isa = PBXFileReference; fileEncoding = 4; lastKnownFileType = text; path = rook.test; sourceTree = "<group>"; };
		BF3F505C204D243C00B7C639 /* Util.swift */ = {isa = PBXFileReference; lastKnownFileType = sourcecode.swift; path = Util.swift; sourceTree = "<group>"; };
		BF4F5347203E4C4C00FBD2DD /* BoardLogic.swift */ = {isa = PBXFileReference; lastKnownFileType = sourcecode.swift; path = BoardLogic.swift; sourceTree = "<group>"; };
		BF4F5349203E92C300FBD2DD /* Launch Screen.storyboard */ = {isa = PBXFileReference; lastKnownFileType = file.storyboard; path = "Launch Screen.storyboard"; sourceTree = "<group>"; };
		BF614CDE203FC6750061B5D7 /* Test Level.lvl */ = {isa = PBXFileReference; fileEncoding = 4; lastKnownFileType = text; path = "Test Level.lvl"; sourceTree = "<group>"; };
		BF6B81ED203EAF3900F59317 /* .gitignore */ = {isa = PBXFileReference; lastKnownFileType = text; path = .gitignore; sourceTree = "<group>"; };
		BF89304E203D238F00D7693B /* PieceTiles.sks */ = {isa = PBXFileReference; lastKnownFileType = file.sks; path = PieceTiles.sks; sourceTree = "<group>"; };
		BF903FEB203A49980087F961 /* RookJones.app */ = {isa = PBXFileReference; explicitFileType = wrapper.application; includeInIndex = 0; path = RookJones.app; sourceTree = BUILT_PRODUCTS_DIR; };
		BF903FEE203A49980087F961 /* AppDelegate.swift */ = {isa = PBXFileReference; lastKnownFileType = sourcecode.swift; path = AppDelegate.swift; sourceTree = "<group>"; };
		BF903FF0203A49980087F961 /* GameScene.sks */ = {isa = PBXFileReference; lastKnownFileType = file.sks; path = GameScene.sks; sourceTree = "<group>"; };
		BF903FF2203A49980087F961 /* Actions.sks */ = {isa = PBXFileReference; lastKnownFileType = file.sks; path = Actions.sks; sourceTree = "<group>"; };
		BF903FF4203A49980087F961 /* GameScene.swift */ = {isa = PBXFileReference; lastKnownFileType = sourcecode.swift; path = GameScene.swift; sourceTree = "<group>"; };
		BF903FF6203A49980087F961 /* GameViewController.swift */ = {isa = PBXFileReference; lastKnownFileType = sourcecode.swift; path = GameViewController.swift; sourceTree = "<group>"; };
		BF903FF9203A49980087F961 /* Base */ = {isa = PBXFileReference; lastKnownFileType = file.storyboard; name = Base; path = Base.lproj/Main.storyboard; sourceTree = "<group>"; };
		BF903FFB203A49980087F961 /* Assets.xcassets */ = {isa = PBXFileReference; lastKnownFileType = folder.assetcatalog; path = Assets.xcassets; sourceTree = "<group>"; };
		BF904000203A49980087F961 /* Info.plist */ = {isa = PBXFileReference; lastKnownFileType = text.plist.xml; path = Info.plist; sourceTree = "<group>"; };
		BF904005203A49980087F961 /* RookJonesTests.xctest */ = {isa = PBXFileReference; explicitFileType = wrapper.cfbundle; includeInIndex = 0; path = RookJonesTests.xctest; sourceTree = BUILT_PRODUCTS_DIR; };
		BF904009203A49980087F961 /* BaseTests.swift */ = {isa = PBXFileReference; lastKnownFileType = sourcecode.swift; path = BaseTests.swift; sourceTree = "<group>"; };
		BF90400B203A49980087F961 /* Info.plist */ = {isa = PBXFileReference; lastKnownFileType = text.plist.xml; path = Info.plist; sourceTree = "<group>"; };
		BF904014203A66020087F961 /* Herculanum.ttf */ = {isa = PBXFileReference; lastKnownFileType = file; name = Herculanum.ttf; path = RookJones/Herculanum.ttf; sourceTree = SOURCE_ROOT; };
		BF90401C203A74890087F961 /* BoardTiles.sks */ = {isa = PBXFileReference; lastKnownFileType = file.sks; path = BoardTiles.sks; sourceTree = "<group>"; };
		BF97C0FD203A90A500378C7F /* Board.swift */ = {isa = PBXFileReference; lastKnownFileType = sourcecode.swift; path = Board.swift; sourceTree = "<group>"; };
		BF97C0FF203A918E00378C7F /* TileType.swift */ = {isa = PBXFileReference; lastKnownFileType = sourcecode.swift; path = TileType.swift; sourceTree = "<group>"; };
		BF97C102203A9C2300378C7F /* Level 13.lvl */ = {isa = PBXFileReference; fileEncoding = 4; lastKnownFileType = text; path = "Level 13.lvl"; sourceTree = "<group>"; };
		BF97C104203AA03E00378C7F /* BoardLoader.swift */ = {isa = PBXFileReference; lastKnownFileType = sourcecode.swift; path = BoardLoader.swift; sourceTree = "<group>"; };
		BF97C106203AA12100378C7F /* BoardError.swift */ = {isa = PBXFileReference; lastKnownFileType = sourcecode.swift; path = BoardError.swift; sourceTree = "<group>"; };
		BFC6373C203FA46E00E47224 /* Piece.swift */ = {isa = PBXFileReference; lastKnownFileType = sourcecode.swift; path = Piece.swift; sourceTree = "<group>"; };
		BFC63741203FB0F800E47224 /* Rook.swift */ = {isa = PBXFileReference; lastKnownFileType = sourcecode.swift; path = Rook.swift; sourceTree = "<group>"; };
		BFC63743203FC2C800E47224 /* Level 3.lvl */ = {isa = PBXFileReference; fileEncoding = 4; lastKnownFileType = text; path = "Level 3.lvl"; sourceTree = "<group>"; };
		BFE04F89203D52CF004B1ECE /* Location.swift */ = {isa = PBXFileReference; lastKnownFileType = sourcecode.swift; path = Location.swift; sourceTree = "<group>"; };
		BFE04F8B203D57AC004B1ECE /* MovementTiles.sks */ = {isa = PBXFileReference; lastKnownFileType = file.sks; path = MovementTiles.sks; sourceTree = "<group>"; };
/* End PBXFileReference section */

/* Begin PBXFrameworksBuildPhase section */
		BF903FE8203A49980087F961 /* Frameworks */ = {
			isa = PBXFrameworksBuildPhase;
			buildActionMask = 2147483647;
			files = (
			);
			runOnlyForDeploymentPostprocessing = 0;
		};
		BF904002203A49980087F961 /* Frameworks */ = {
			isa = PBXFrameworksBuildPhase;
			buildActionMask = 2147483647;
			files = (
			);
			runOnlyForDeploymentPostprocessing = 0;
		};
/* End PBXFrameworksBuildPhase section */

/* Begin PBXGroup section */
		BF3BB438204D1617004810A9 /* Test Levels */ = {
			isa = PBXGroup;
			children = (
				BF3F505A204D22F600B7C639 /* rook.test */,
				BF3F5054204D1DAB00B7C639 /* logic.test */,
			);
			path = "Test Levels";
			sourceTree = "<group>";
		};
		BF903FE2203A49980087F961 = {
			isa = PBXGroup;
			children = (
				BF97C101203A977C00378C7F /* Levels */,
				BF97C0F9203A902200378C7F /* Model */,
				BF903FED203A49980087F961 /* RookJones */,
				BF904008203A49980087F961 /* RookJonesTests */,
				BF903FEC203A49980087F961 /* Products */,
			);
			sourceTree = "<group>";
		};
		BF903FEC203A49980087F961 /* Products */ = {
			isa = PBXGroup;
			children = (
				BF903FEB203A49980087F961 /* RookJones.app */,
				BF904005203A49980087F961 /* RookJonesTests.xctest */,
			);
			name = Products;
			sourceTree = "<group>";
		};
		BF903FED203A49980087F961 /* RookJones */ = {
			isa = PBXGroup;
			children = (
				BF903FEE203A49980087F961 /* AppDelegate.swift */,
				BF903FF0203A49980087F961 /* GameScene.sks */,
				BF904014203A66020087F961 /* Herculanum.ttf */,
				BF903FF2203A49980087F961 /* Actions.sks */,
				BF903FF4203A49980087F961 /* GameScene.swift */,
				BF6B81ED203EAF3900F59317 /* .gitignore */,
				BF903FF6203A49980087F961 /* GameViewController.swift */,
				BF903FF8203A49980087F961 /* Main.storyboard */,
				BF26CDE7203FF25C0002EC30 /* TitlePageViewController.swift */,
				BF4F5349203E92C300FBD2DD /* Launch Screen.storyboard */,
				BF903FFB203A49980087F961 /* Assets.xcassets */,
				BF3B3347203FEDB2005CDC5F /* AppIcon.appiconset */,
				BF90401C203A74890087F961 /* BoardTiles.sks */,
				BF89304E203D238F00D7693B /* PieceTiles.sks */,
				BF904000203A49980087F961 /* Info.plist */,
				BFE04F8B203D57AC004B1ECE /* MovementTiles.sks */,
			);
			path = RookJones;
			sourceTree = "<group>";
		};
		BF904008203A49980087F961 /* RookJonesTests */ = {
			isa = PBXGroup;
			children = (
				BF3BB438204D1617004810A9 /* Test Levels */,
				BF904009203A49980087F961 /* BaseTests.swift */,
				BF90400B203A49980087F961 /* Info.plist */,
				BF3F5058204D226D00B7C639 /* PieceTests.swift */,
				BF3F505C204D243C00B7C639 /* Util.swift */,
			);
			path = RookJonesTests;
			sourceTree = "<group>";
		};
		BF97C0F9203A902200378C7F /* Model */ = {
			isa = PBXGroup;
			children = (
				BFC63740203FB0E100E47224 /* Pieces */,
				BFE04F89203D52CF004B1ECE /* Location.swift */,
				BF97C0FD203A90A500378C7F /* Board.swift */,
				BF26CDED203FFC690002EC30 /* Level.swift */,
				BF97C0FF203A918E00378C7F /* TileType.swift */,
				BF97C104203AA03E00378C7F /* BoardLoader.swift */,
				BF97C106203AA12100378C7F /* BoardError.swift */,
				BF4F5347203E4C4C00FBD2DD /* BoardLogic.swift */,
			);
			path = Model;
			sourceTree = "<group>";
		};
		BF97C101203A977C00378C7F /* Levels */ = {
			isa = PBXGroup;
			children = (
				BF614CDE203FC6750061B5D7 /* Test Level.lvl */,
				BFC63743203FC2C800E47224 /* Level 3.lvl */,
				BF97C102203A9C2300378C7F /* Level 13.lvl */,
			);
			path = Levels;
			sourceTree = SOURCE_ROOT;
		};
		BFC63740203FB0E100E47224 /* Pieces */ = {
			isa = PBXGroup;
			children = (
				BF3BB436204D134F004810A9 /* Knight.swift */,
				BFC6373C203FA46E00E47224 /* Piece.swift */,
				BFC63741203FB0F800E47224 /* Rook.swift */,
				BF26CDEF204006630002EC30 /* RookJones.swift */,
			);
			path = Pieces;
			sourceTree = "<group>";
		};
/* End PBXGroup section */

/* Begin PBXNativeTarget section */
		BF903FEA203A49980087F961 /* RookJones */ = {
			isa = PBXNativeTarget;
			buildConfigurationList = BF90400E203A49980087F961 /* Build configuration list for PBXNativeTarget "RookJones" */;
			buildPhases = (
				BF903FE7203A49980087F961 /* Sources */,
				BF903FE8203A49980087F961 /* Frameworks */,
				BF903FE9203A49980087F961 /* Resources */,
			);
			buildRules = (
			);
			dependencies = (
			);
			name = RookJones;
			productName = RookJones;
			productReference = BF903FEB203A49980087F961 /* RookJones.app */;
			productType = "com.apple.product-type.application";
		};
		BF904004203A49980087F961 /* RookJonesTests */ = {
			isa = PBXNativeTarget;
			buildConfigurationList = BF904011203A49980087F961 /* Build configuration list for PBXNativeTarget "RookJonesTests" */;
			buildPhases = (
				BF904001203A49980087F961 /* Sources */,
				BF904002203A49980087F961 /* Frameworks */,
				BF904003203A49980087F961 /* Resources */,
			);
			buildRules = (
			);
			dependencies = (
				BF904007203A49980087F961 /* PBXTargetDependency */,
			);
			name = RookJonesTests;
			productName = RookJonesTests;
			productReference = BF904005203A49980087F961 /* RookJonesTests.xctest */;
			productType = "com.apple.product-type.bundle.unit-test";
		};
/* End PBXNativeTarget section */

/* Begin PBXProject section */
		BF903FE3203A49980087F961 /* Project object */ = {
			isa = PBXProject;
			attributes = {
				LastSwiftUpdateCheck = 0920;
				LastUpgradeCheck = 0920;
				ORGANIZATIONNAME = "Richard Pineo";
				TargetAttributes = {
					BF903FEA203A49980087F961 = {
						CreatedOnToolsVersion = 9.2;
						ProvisioningStyle = Automatic;
					};
					BF904004203A49980087F961 = {
						CreatedOnToolsVersion = 9.2;
						ProvisioningStyle = Automatic;
						TestTargetID = BF903FEA203A49980087F961;
					};
				};
			};
			buildConfigurationList = BF903FE6203A49980087F961 /* Build configuration list for PBXProject "RookJones" */;
			compatibilityVersion = "Xcode 8.0";
			developmentRegion = en;
			hasScannedForEncodings = 0;
			knownRegions = (
				en,
				Base,
			);
			mainGroup = BF903FE2203A49980087F961;
			productRefGroup = BF903FEC203A49980087F961 /* Products */;
			projectDirPath = "";
			projectRoot = "";
			targets = (
				BF903FEA203A49980087F961 /* RookJones */,
				BF904004203A49980087F961 /* RookJonesTests */,
			);
		};
/* End PBXProject section */

/* Begin PBXResourcesBuildPhase section */
		BF903FE9203A49980087F961 /* Resources */ = {
			isa = PBXResourcesBuildPhase;
			buildActionMask = 2147483647;
			files = (
				BFE04F8C203D57AC004B1ECE /* MovementTiles.sks in Resources */,
				BFC63744203FC2C800E47224 /* Level 3.lvl in Resources */,
				BF904015203A66020087F961 /* Herculanum.ttf in Resources */,
				BF903FFA203A49980087F961 /* Main.storyboard in Resources */,
				BF3B3348203FEDB2005CDC5F /* AppIcon.appiconset in Resources */,
				BF903FF1203A49980087F961 /* GameScene.sks in Resources */,
				BF6B81EE203EAF3900F59317 /* .gitignore in Resources */,
				BF903FFC203A49980087F961 /* Assets.xcassets in Resources */,
				BF614CDF203FC6750061B5D7 /* Test Level.lvl in Resources */,
				BF4F534A203E92C300FBD2DD /* Launch Screen.storyboard in Resources */,
				BF97C103203A9C2300378C7F /* Level 13.lvl in Resources */,
				BF903FF3203A49980087F961 /* Actions.sks in Resources */,
				BF89304F203D238F00D7693B /* PieceTiles.sks in Resources */,
				BF90401D203A74890087F961 /* BoardTiles.sks in Resources */,
			);
			runOnlyForDeploymentPostprocessing = 0;
		};
		BF904003203A49980087F961 /* Resources */ = {
			isa = PBXResourcesBuildPhase;
			buildActionMask = 2147483647;
			files = (
				BF3F505B204D22F600B7C639 /* rook.test in Resources */,
				BF3F5057204D217900B7C639 /* logic.test in Resources */,
			);
			runOnlyForDeploymentPostprocessing = 0;
		};
/* End PBXResourcesBuildPhase section */

/* Begin PBXSourcesBuildPhase section */
		BF903FE7203A49980087F961 /* Sources */ = {
			isa = PBXSourcesBuildPhase;
			buildActionMask = 2147483647;
			files = (
				BF26CDEE203FFC690002EC30 /* Level.swift in Sources */,
				BFE04F8A203D52CF004B1ECE /* Location.swift in Sources */,
				BFC6373D203FA46E00E47224 /* Piece.swift in Sources */,
				BF903FF5203A49980087F961 /* GameScene.swift in Sources */,
				BF3BB437204D134F004810A9 /* Knight.swift in Sources */,
				BF26CDF0204006640002EC30 /* RookJones.swift in Sources */,
				BF4F5348203E4C4C00FBD2DD /* BoardLogic.swift in Sources */,
				BF903FF7203A49980087F961 /* GameViewController.swift in Sources */,
				BF97C100203A918E00378C7F /* TileType.swift in Sources */,
				BF26CDE9203FF25C0002EC30 /* TitlePageViewController.swift in Sources */,
				BF97C105203AA03E00378C7F /* BoardLoader.swift in Sources */,
				BFC63742203FB0F800E47224 /* Rook.swift in Sources */,
				BF97C0FE203A90A500378C7F /* Board.swift in Sources */,
				BF903FEF203A49980087F961 /* AppDelegate.swift in Sources */,
				BF97C107203AA12100378C7F /* BoardError.swift in Sources */,
			);
			runOnlyForDeploymentPostprocessing = 0;
		};
		BF904001203A49980087F961 /* Sources */ = {
			isa = PBXSourcesBuildPhase;
			buildActionMask = 2147483647;
			files = (
				BF3F5060204D276000B7C639 /* Level.swift in Sources */,
				BF3F5064204D276000B7C639 /* BoardLogic.swift in Sources */,
				BF3F5063204D276000B7C639 /* BoardError.swift in Sources */,
				BF3F505D204D243C00B7C639 /* Util.swift in Sources */,
				BF3F5068204D276F00B7C639 /* RookJones.swift in Sources */,
				BF3F5059204D226D00B7C639 /* PieceTests.swift in Sources */,
				BF3F5062204D276000B7C639 /* BoardLoader.swift in Sources */,
				BF3F505F204D276000B7C639 /* Board.swift in Sources */,
				BF3F5061204D276000B7C639 /* TileType.swift in Sources */,
				BF3F5066204D276F00B7C639 /* Piece.swift in Sources */,
				BF3F505E204D276000B7C639 /* Location.swift in Sources */,
				BF3F5065204D276F00B7C639 /* Knight.swift in Sources */,
				BF3F5067204D276F00B7C639 /* Rook.swift in Sources */,
				BF90400A203A49980087F961 /* BaseTests.swift in Sources */,
			);
			runOnlyForDeploymentPostprocessing = 0;
		};
/* End PBXSourcesBuildPhase section */

/* Begin PBXTargetDependency section */
		BF904007203A49980087F961 /* PBXTargetDependency */ = {
			isa = PBXTargetDependency;
			target = BF903FEA203A49980087F961 /* RookJones */;
			targetProxy = BF904006203A49980087F961 /* PBXContainerItemProxy */;
		};
/* End PBXTargetDependency section */

/* Begin PBXVariantGroup section */
		BF903FF8203A49980087F961 /* Main.storyboard */ = {
			isa = PBXVariantGroup;
			children = (
				BF903FF9203A49980087F961 /* Base */,
			);
			name = Main.storyboard;
			sourceTree = "<group>";
		};
/* End PBXVariantGroup section */

/* Begin XCBuildConfiguration section */
		BF90400C203A49980087F961 /* Debug */ = {
			isa = XCBuildConfiguration;
			buildSettings = {
				ALWAYS_SEARCH_USER_PATHS = NO;
				CLANG_ANALYZER_NONNULL = YES;
				CLANG_ANALYZER_NUMBER_OBJECT_CONVERSION = YES_AGGRESSIVE;
				CLANG_CXX_LANGUAGE_STANDARD = "gnu++14";
				CLANG_CXX_LIBRARY = "libc++";
				CLANG_ENABLE_MODULES = YES;
				CLANG_ENABLE_OBJC_ARC = YES;
				CLANG_WARN_BLOCK_CAPTURE_AUTORELEASING = YES;
				CLANG_WARN_BOOL_CONVERSION = YES;
				CLANG_WARN_COMMA = YES;
				CLANG_WARN_CONSTANT_CONVERSION = YES;
				CLANG_WARN_DIRECT_OBJC_ISA_USAGE = YES_ERROR;
				CLANG_WARN_DOCUMENTATION_COMMENTS = YES;
				CLANG_WARN_EMPTY_BODY = YES;
				CLANG_WARN_ENUM_CONVERSION = YES;
				CLANG_WARN_INFINITE_RECURSION = YES;
				CLANG_WARN_INT_CONVERSION = YES;
				CLANG_WARN_NON_LITERAL_NULL_CONVERSION = YES;
				CLANG_WARN_OBJC_LITERAL_CONVERSION = YES;
				CLANG_WARN_OBJC_ROOT_CLASS = YES_ERROR;
				CLANG_WARN_RANGE_LOOP_ANALYSIS = YES;
				CLANG_WARN_STRICT_PROTOTYPES = YES;
				CLANG_WARN_SUSPICIOUS_MOVE = YES;
				CLANG_WARN_UNGUARDED_AVAILABILITY = YES_AGGRESSIVE;
				CLANG_WARN_UNREACHABLE_CODE = YES;
				CLANG_WARN__DUPLICATE_METHOD_MATCH = YES;
				CODE_SIGN_IDENTITY = "iPhone Developer";
				COPY_PHASE_STRIP = NO;
				DEBUG_INFORMATION_FORMAT = dwarf;
				ENABLE_STRICT_OBJC_MSGSEND = YES;
				ENABLE_TESTABILITY = YES;
				GCC_C_LANGUAGE_STANDARD = gnu11;
				GCC_DYNAMIC_NO_PIC = NO;
				GCC_NO_COMMON_BLOCKS = YES;
				GCC_OPTIMIZATION_LEVEL = 0;
				GCC_PREPROCESSOR_DEFINITIONS = (
					"DEBUG=1",
					"$(inherited)",
				);
				GCC_WARN_64_TO_32_BIT_CONVERSION = YES;
				GCC_WARN_ABOUT_RETURN_TYPE = YES_ERROR;
				GCC_WARN_UNDECLARED_SELECTOR = YES;
				GCC_WARN_UNINITIALIZED_AUTOS = YES_AGGRESSIVE;
				GCC_WARN_UNUSED_FUNCTION = YES;
				GCC_WARN_UNUSED_VARIABLE = YES;
				IPHONEOS_DEPLOYMENT_TARGET = 11.2;
				MTL_ENABLE_DEBUG_INFO = YES;
				ONLY_ACTIVE_ARCH = YES;
				SDKROOT = iphoneos;
				SWIFT_ACTIVE_COMPILATION_CONDITIONS = DEBUG;
				SWIFT_OPTIMIZATION_LEVEL = "-Onone";
			};
			name = Debug;
		};
		BF90400D203A49980087F961 /* Release */ = {
			isa = XCBuildConfiguration;
			buildSettings = {
				ALWAYS_SEARCH_USER_PATHS = NO;
				CLANG_ANALYZER_NONNULL = YES;
				CLANG_ANALYZER_NUMBER_OBJECT_CONVERSION = YES_AGGRESSIVE;
				CLANG_CXX_LANGUAGE_STANDARD = "gnu++14";
				CLANG_CXX_LIBRARY = "libc++";
				CLANG_ENABLE_MODULES = YES;
				CLANG_ENABLE_OBJC_ARC = YES;
				CLANG_WARN_BLOCK_CAPTURE_AUTORELEASING = YES;
				CLANG_WARN_BOOL_CONVERSION = YES;
				CLANG_WARN_COMMA = YES;
				CLANG_WARN_CONSTANT_CONVERSION = YES;
				CLANG_WARN_DIRECT_OBJC_ISA_USAGE = YES_ERROR;
				CLANG_WARN_DOCUMENTATION_COMMENTS = YES;
				CLANG_WARN_EMPTY_BODY = YES;
				CLANG_WARN_ENUM_CONVERSION = YES;
				CLANG_WARN_INFINITE_RECURSION = YES;
				CLANG_WARN_INT_CONVERSION = YES;
				CLANG_WARN_NON_LITERAL_NULL_CONVERSION = YES;
				CLANG_WARN_OBJC_LITERAL_CONVERSION = YES;
				CLANG_WARN_OBJC_ROOT_CLASS = YES_ERROR;
				CLANG_WARN_RANGE_LOOP_ANALYSIS = YES;
				CLANG_WARN_STRICT_PROTOTYPES = YES;
				CLANG_WARN_SUSPICIOUS_MOVE = YES;
				CLANG_WARN_UNGUARDED_AVAILABILITY = YES_AGGRESSIVE;
				CLANG_WARN_UNREACHABLE_CODE = YES;
				CLANG_WARN__DUPLICATE_METHOD_MATCH = YES;
				CODE_SIGN_IDENTITY = "iPhone Developer";
				COPY_PHASE_STRIP = NO;
				DEBUG_INFORMATION_FORMAT = "dwarf-with-dsym";
				ENABLE_NS_ASSERTIONS = NO;
				ENABLE_STRICT_OBJC_MSGSEND = YES;
				GCC_C_LANGUAGE_STANDARD = gnu11;
				GCC_NO_COMMON_BLOCKS = YES;
				GCC_WARN_64_TO_32_BIT_CONVERSION = YES;
				GCC_WARN_ABOUT_RETURN_TYPE = YES_ERROR;
				GCC_WARN_UNDECLARED_SELECTOR = YES;
				GCC_WARN_UNINITIALIZED_AUTOS = YES_AGGRESSIVE;
				GCC_WARN_UNUSED_FUNCTION = YES;
				GCC_WARN_UNUSED_VARIABLE = YES;
				IPHONEOS_DEPLOYMENT_TARGET = 11.2;
				MTL_ENABLE_DEBUG_INFO = NO;
				SDKROOT = iphoneos;
				SWIFT_OPTIMIZATION_LEVEL = "-Owholemodule";
				VALIDATE_PRODUCT = YES;
			};
			name = Release;
		};
		BF90400F203A49980087F961 /* Debug */ = {
			isa = XCBuildConfiguration;
			buildSettings = {
				ASSETCATALOG_COMPILER_APPICON_NAME = AppIcon;
				"CODE_SIGN_IDENTITY[sdk=iphoneos*]" = "iPhone Developer";
				CODE_SIGN_STYLE = Automatic;
				DEVELOPMENT_TEAM = WGX52F7QV3;
				INFOPLIST_FILE = RookJones/Info.plist;
				LD_RUNPATH_SEARCH_PATHS = "$(inherited) @executable_path/Frameworks";
				PRODUCT_BUNDLE_IDENTIFIER = com.swiper.RookJones;
				PRODUCT_NAME = "$(TARGET_NAME)";
				PROVISIONING_PROFILE_SPECIFIER = "";
				SWIFT_VERSION = 4.0;
				TARGETED_DEVICE_FAMILY = "1,2";
			};
			name = Debug;
		};
		BF904010203A49980087F961 /* Release */ = {
			isa = XCBuildConfiguration;
			buildSettings = {
				ASSETCATALOG_COMPILER_APPICON_NAME = AppIcon;
				"CODE_SIGN_IDENTITY[sdk=iphoneos*]" = "iPhone Developer";
				CODE_SIGN_STYLE = Automatic;
				DEVELOPMENT_TEAM = WGX52F7QV3;
				INFOPLIST_FILE = RookJones/Info.plist;
				LD_RUNPATH_SEARCH_PATHS = "$(inherited) @executable_path/Frameworks";
				PRODUCT_BUNDLE_IDENTIFIER = com.swiper.RookJones;
				PRODUCT_NAME = "$(TARGET_NAME)";
				PROVISIONING_PROFILE_SPECIFIER = "";
				SWIFT_VERSION = 4.0;
				TARGETED_DEVICE_FAMILY = "1,2";
			};
			name = Release;
		};
		BF904012203A49980087F961 /* Debug */ = {
			isa = XCBuildConfiguration;
			buildSettings = {
				ALWAYS_EMBED_SWIFT_STANDARD_LIBRARIES = YES;
				BUNDLE_LOADER = "$(TEST_HOST)";
				CODE_SIGN_STYLE = Automatic;
				INFOPLIST_FILE = RookJonesTests/Info.plist;
				LD_RUNPATH_SEARCH_PATHS = "$(inherited) @executable_path/Frameworks @loader_path/Frameworks";
				PRODUCT_BUNDLE_IDENTIFIER = com.pineo.RookJonesTests;
				PRODUCT_NAME = "$(TARGET_NAME)";
				SWIFT_VERSION = 4.0;
				TARGETED_DEVICE_FAMILY = "1,2";
				TEST_HOST = "$(BUILT_PRODUCTS_DIR)/RookJones.app/RookJones";
			};
			name = Debug;
		};
		BF904013203A49980087F961 /* Release */ = {
			isa = XCBuildConfiguration;
			buildSettings = {
				ALWAYS_EMBED_SWIFT_STANDARD_LIBRARIES = YES;
				BUNDLE_LOADER = "$(TEST_HOST)";
				CODE_SIGN_STYLE = Automatic;
				INFOPLIST_FILE = RookJonesTests/Info.plist;
				LD_RUNPATH_SEARCH_PATHS = "$(inherited) @executable_path/Frameworks @loader_path/Frameworks";
				PRODUCT_BUNDLE_IDENTIFIER = com.pineo.RookJonesTests;
				PRODUCT_NAME = "$(TARGET_NAME)";
				SWIFT_VERSION = 4.0;
				TARGETED_DEVICE_FAMILY = "1,2";
				TEST_HOST = "$(BUILT_PRODUCTS_DIR)/RookJones.app/RookJones";
			};
			name = Release;
		};
/* End XCBuildConfiguration section */

/* Begin XCConfigurationList section */
		BF903FE6203A49980087F961 /* Build configuration list for PBXProject "RookJones" */ = {
			isa = XCConfigurationList;
			buildConfigurations = (
				BF90400C203A49980087F961 /* Debug */,
				BF90400D203A49980087F961 /* Release */,
			);
			defaultConfigurationIsVisible = 0;
			defaultConfigurationName = Release;
		};
		BF90400E203A49980087F961 /* Build configuration list for PBXNativeTarget "RookJones" */ = {
			isa = XCConfigurationList;
			buildConfigurations = (
				BF90400F203A49980087F961 /* Debug */,
				BF904010203A49980087F961 /* Release */,
			);
			defaultConfigurationIsVisible = 0;
			defaultConfigurationName = Release;
		};
		BF904011203A49980087F961 /* Build configuration list for PBXNativeTarget "RookJonesTests" */ = {
			isa = XCConfigurationList;
			buildConfigurations = (
				BF904012203A49980087F961 /* Debug */,
				BF904013203A49980087F961 /* Release */,
			);
			defaultConfigurationIsVisible = 0;
			defaultConfigurationName = Release;
		};
/* End XCConfigurationList section */
	};
	rootObject = BF903FE3203A49980087F961 /* Project object */;
}
